// !$*UTF8*$!
{
	archiveVersion = 1;
	classes = {
	};
	objectVersion = 48;
	objects = {

/* Begin PBXBuildFile section */
		23639C971FC5FD2900DFEFAF /* Question.swift in Sources */ = {isa = PBXBuildFile; fileRef = 23639C961FC5FD2900DFEFAF /* Question.swift */; };
		23639C991FC5FD8F00DFEFAF /* QuestionController.swift in Sources */ = {isa = PBXBuildFile; fileRef = 23639C981FC5FD8F00DFEFAF /* QuestionController.swift */; };
		239A14401FD5CF1000D414BB /* Genre.json in Resources */ = {isa = PBXBuildFile; fileRef = 239A143F1FD5CF1000D414BB /* Genre.json */; };
		239A14421FD5DB7000D414BB /* WatchTabViewController.swift in Sources */ = {isa = PBXBuildFile; fileRef = 239A14411FD5DB7000D414BB /* WatchTabViewController.swift */; };
		239A14441FD5DCD200D414BB /* tvShowGenres.json in Resources */ = {isa = PBXBuildFile; fileRef = 239A14431FD5DCD200D414BB /* tvShowGenres.json */; };
		23B2FDD71FE345B90089508C /* TheaterMovieTableViewCell.swift in Sources */ = {isa = PBXBuildFile; fileRef = 23B2FDD61FE345B90089508C /* TheaterMovieTableViewCell.swift */; };
		23CF62EB1FD99EA2002B6062 /* TheaterMovie.swift in Sources */ = {isa = PBXBuildFile; fileRef = 23CF62EA1FD99EA2002B6062 /* TheaterMovie.swift */; };
		23CF62ED1FD9BC85002B6062 /* TheatreMovies.json in Resources */ = {isa = PBXBuildFile; fileRef = 23CF62EC1FD9BC85002B6062 /* TheatreMovies.json */; };
		23CF62EF1FD9BC94002B6062 /* TheatreController.swift in Sources */ = {isa = PBXBuildFile; fileRef = 23CF62EE1FD9BC94002B6062 /* TheatreController.swift */; };
		23DB019E1FDA334B006E71DC /* MovieTheaterResultsTableViewController.swift in Sources */ = {isa = PBXBuildFile; fileRef = 23DB019D1FDA334B006E71DC /* MovieTheaterResultsTableViewController.swift */; };
		23E2551A1FC36BB600D5C23B /* AppDelegate.swift in Sources */ = {isa = PBXBuildFile; fileRef = 23E255191FC36BB600D5C23B /* AppDelegate.swift */; };
		23E2551F1FC36BB600D5C23B /* Main.storyboard in Resources */ = {isa = PBXBuildFile; fileRef = 23E2551D1FC36BB600D5C23B /* Main.storyboard */; };
		23E255211FC36BB600D5C23B /* Assets.xcassets in Resources */ = {isa = PBXBuildFile; fileRef = 23E255201FC36BB600D5C23B /* Assets.xcassets */; };
		23E255241FC36BB600D5C23B /* LaunchScreen.storyboard in Resources */ = {isa = PBXBuildFile; fileRef = 23E255221FC36BB600D5C23B /* LaunchScreen.storyboard */; };
		23E255341FC3771F00D5C23B /* Movie.swift in Sources */ = {isa = PBXBuildFile; fileRef = 23E255331FC3771F00D5C23B /* Movie.swift */; };
		23E255361FC37C4100D5C23B /* GenresController.swift in Sources */ = {isa = PBXBuildFile; fileRef = 23E255351FC37C4100D5C23B /* GenresController.swift */; };
		23E2554C1FC4812C00D5C23B /* CoreDataStack.swift in Sources */ = {isa = PBXBuildFile; fileRef = 23E2554B1FC4812C00D5C23B /* CoreDataStack.swift */; };
		23E2554F1FC4815100D5C23B /* Wonder?.xcdatamodeld in Sources */ = {isa = PBXBuildFile; fileRef = 23E2554D1FC4815100D5C23B /* Wonder?.xcdatamodeld */; };
		23E255571FC48AF500D5C23B /* Genre.swift in Sources */ = {isa = PBXBuildFile; fileRef = 23E255561FC48AF500D5C23B /* Genre.swift */; };
		23E255591FC48BD100D5C23B /* MovieController.swift in Sources */ = {isa = PBXBuildFile; fileRef = 23E255581FC48BD100D5C23B /* MovieController.swift */; };
		23E2555B1FC4A95E00D5C23B /* SwipeViewController.swift in Sources */ = {isa = PBXBuildFile; fileRef = 23E2555A1FC4A95E00D5C23B /* SwipeViewController.swift */; };
/* End PBXBuildFile section */

/* Begin PBXFileReference section */
		23639C961FC5FD2900DFEFAF /* Question.swift */ = {isa = PBXFileReference; lastKnownFileType = sourcecode.swift; path = Question.swift; sourceTree = "<group>"; };
		23639C981FC5FD8F00DFEFAF /* QuestionController.swift */ = {isa = PBXFileReference; lastKnownFileType = sourcecode.swift; path = QuestionController.swift; sourceTree = "<group>"; };
		239A143F1FD5CF1000D414BB /* Genre.json */ = {isa = PBXFileReference; fileEncoding = 4; lastKnownFileType = text.json; path = Genre.json; sourceTree = "<group>"; };
		239A14411FD5DB7000D414BB /* WatchTabViewController.swift */ = {isa = PBXFileReference; lastKnownFileType = sourcecode.swift; path = WatchTabViewController.swift; sourceTree = "<group>"; };
		239A14431FD5DCD200D414BB /* tvShowGenres.json */ = {isa = PBXFileReference; fileEncoding = 4; lastKnownFileType = text.json; path = tvShowGenres.json; sourceTree = "<group>"; };
		23B2FDD61FE345B90089508C /* TheaterMovieTableViewCell.swift */ = {isa = PBXFileReference; lastKnownFileType = sourcecode.swift; path = TheaterMovieTableViewCell.swift; sourceTree = "<group>"; };
		23CF62EA1FD99EA2002B6062 /* TheaterMovie.swift */ = {isa = PBXFileReference; lastKnownFileType = sourcecode.swift; path = TheaterMovie.swift; sourceTree = "<group>"; };
		23CF62EC1FD9BC85002B6062 /* TheatreMovies.json */ = {isa = PBXFileReference; fileEncoding = 4; lastKnownFileType = text.json; path = TheatreMovies.json; sourceTree = "<group>"; };
		23CF62EE1FD9BC94002B6062 /* TheatreController.swift */ = {isa = PBXFileReference; lastKnownFileType = sourcecode.swift; path = TheatreController.swift; sourceTree = "<group>"; };
		23DB019D1FDA334B006E71DC /* MovieTheaterResultsTableViewController.swift */ = {isa = PBXFileReference; lastKnownFileType = sourcecode.swift; path = MovieTheaterResultsTableViewController.swift; sourceTree = "<group>"; };
		23E255161FC36BB600D5C23B /* Wonder?.app */ = {isa = PBXFileReference; explicitFileType = wrapper.application; includeInIndex = 0; path = "Wonder?.app"; sourceTree = BUILT_PRODUCTS_DIR; };
		23E255191FC36BB600D5C23B /* AppDelegate.swift */ = {isa = PBXFileReference; lastKnownFileType = sourcecode.swift; path = AppDelegate.swift; sourceTree = "<group>"; };
		23E2551E1FC36BB600D5C23B /* Base */ = {isa = PBXFileReference; lastKnownFileType = file.storyboard; name = Base; path = Base.lproj/Main.storyboard; sourceTree = "<group>"; };
		23E255201FC36BB600D5C23B /* Assets.xcassets */ = {isa = PBXFileReference; lastKnownFileType = folder.assetcatalog; path = Assets.xcassets; sourceTree = "<group>"; };
		23E255231FC36BB600D5C23B /* Base */ = {isa = PBXFileReference; lastKnownFileType = file.storyboard; name = Base; path = Base.lproj/LaunchScreen.storyboard; sourceTree = "<group>"; };
		23E255251FC36BB600D5C23B /* Info.plist */ = {isa = PBXFileReference; lastKnownFileType = text.plist.xml; path = Info.plist; sourceTree = "<group>"; };
		23E255331FC3771F00D5C23B /* Movie.swift */ = {isa = PBXFileReference; lastKnownFileType = sourcecode.swift; path = Movie.swift; sourceTree = "<group>"; };
		23E255351FC37C4100D5C23B /* GenresController.swift */ = {isa = PBXFileReference; lastKnownFileType = sourcecode.swift; path = GenresController.swift; sourceTree = "<group>"; };
		23E2554B1FC4812C00D5C23B /* CoreDataStack.swift */ = {isa = PBXFileReference; lastKnownFileType = sourcecode.swift; path = CoreDataStack.swift; sourceTree = "<group>"; };
		23E2554E1FC4815100D5C23B /* Wonder?.xcdatamodel */ = {isa = PBXFileReference; lastKnownFileType = wrapper.xcdatamodel; path = "Wonder?.xcdatamodel"; sourceTree = "<group>"; };
		23E255561FC48AF500D5C23B /* Genre.swift */ = {isa = PBXFileReference; lastKnownFileType = sourcecode.swift; path = Genre.swift; sourceTree = "<group>"; };
		23E255581FC48BD100D5C23B /* MovieController.swift */ = {isa = PBXFileReference; lastKnownFileType = sourcecode.swift; path = MovieController.swift; sourceTree = "<group>"; };
		23E2555A1FC4A95E00D5C23B /* SwipeViewController.swift */ = {isa = PBXFileReference; lastKnownFileType = sourcecode.swift; path = SwipeViewController.swift; sourceTree = "<group>"; };
/* End PBXFileReference section */

/* Begin PBXFrameworksBuildPhase section */
		23E255131FC36BB600D5C23B /* Frameworks */ = {
			isa = PBXFrameworksBuildPhase;
			buildActionMask = 2147483647;
			files = (
			);
			runOnlyForDeploymentPostprocessing = 0;
		};
/* End PBXFrameworksBuildPhase section */

/* Begin PBXGroup section */
		23E2550D1FC36BB600D5C23B = {
			isa = PBXGroup;
			children = (
				23E255181FC36BB600D5C23B /* Wonder? */,
				23E255171FC36BB600D5C23B /* Products */,
			);
			sourceTree = "<group>";
		};
		23E255171FC36BB600D5C23B /* Products */ = {
			isa = PBXGroup;
			children = (
				23E255161FC36BB600D5C23B /* Wonder?.app */,
			);
			name = Products;
			sourceTree = "<group>";
		};
		23E255181FC36BB600D5C23B /* Wonder? */ = {
			isa = PBXGroup;
			children = (
				23F689451FD5CD980058B07E /* json */,
				23E2552D1FC36DF100D5C23B /* Models */,
				23E255301FC36E1300D5C23B /* Model Controllers */,
				23E2552F1FC36E0000D5C23B /* View  Controllers */,
				23E2552E1FC36DF700D5C23B /* Views */,
				23E2552B1FC36DD400D5C23B /* Storyboards */,
				23E2552C1FC36DEC00D5C23B /* Resources */,
				23E2554A1FC480FD00D5C23B /* Other Controller */,
			);
			path = "Wonder?";
			sourceTree = "<group>";
		};
		23E2552B1FC36DD400D5C23B /* Storyboards */ = {
			isa = PBXGroup;
			children = (
				23E2551D1FC36BB600D5C23B /* Main.storyboard */,
				23E255221FC36BB600D5C23B /* LaunchScreen.storyboard */,
			);
			path = Storyboards;
			sourceTree = "<group>";
		};
		23E2552C1FC36DEC00D5C23B /* Resources */ = {
			isa = PBXGroup;
			children = (
				23E255191FC36BB600D5C23B /* AppDelegate.swift */,
				23E255201FC36BB600D5C23B /* Assets.xcassets */,
				23E255251FC36BB600D5C23B /* Info.plist */,
			);
			path = Resources;
			sourceTree = "<group>";
		};
		23E2552D1FC36DF100D5C23B /* Models */ = {
			isa = PBXGroup;
			children = (
				23E255331FC3771F00D5C23B /* Movie.swift */,
				23E2554D1FC4815100D5C23B /* Wonder?.xcdatamodeld */,
				23E255561FC48AF500D5C23B /* Genre.swift */,
				23639C961FC5FD2900DFEFAF /* Question.swift */,
				23CF62EA1FD99EA2002B6062 /* TheaterMovie.swift */,
			);
			path = Models;
			sourceTree = "<group>";
		};
		23E2552E1FC36DF700D5C23B /* Views */ = {
			isa = PBXGroup;
			children = (
				23B2FDD61FE345B90089508C /* TheaterMovieTableViewCell.swift */,
			);
			path = Views;
			sourceTree = "<group>";
		};
		23E2552F1FC36E0000D5C23B /* View  Controllers */ = {
			isa = PBXGroup;
			children = (
				23E2555A1FC4A95E00D5C23B /* SwipeViewController.swift */,
				239A14411FD5DB7000D414BB /* WatchTabViewController.swift */,
				23DB019D1FDA334B006E71DC /* MovieTheaterResultsTableViewController.swift */,
			);
			path = "View  Controllers";
			sourceTree = "<group>";
		};
		23E255301FC36E1300D5C23B /* Model Controllers */ = {
			isa = PBXGroup;
			children = (
				23E255351FC37C4100D5C23B /* GenresController.swift */,
				23E255581FC48BD100D5C23B /* MovieController.swift */,
				23639C981FC5FD8F00DFEFAF /* QuestionController.swift */,
				23CF62EE1FD9BC94002B6062 /* TheatreController.swift */,
			);
			path = "Model Controllers";
			sourceTree = "<group>";
		};
		23E2554A1FC480FD00D5C23B /* Other Controller */ = {
			isa = PBXGroup;
			children = (
				23E2554B1FC4812C00D5C23B /* CoreDataStack.swift */,
			);
			path = "Other Controller";
			sourceTree = "<group>";
		};
		23F689451FD5CD980058B07E /* json */ = {
			isa = PBXGroup;
			children = (
				23CF62EC1FD9BC85002B6062 /* TheatreMovies.json */,
				239A14431FD5DCD200D414BB /* tvShowGenres.json */,
				239A143F1FD5CF1000D414BB /* Genre.json */,
			);
			path = json;
			sourceTree = "<group>";
		};
/* End PBXGroup section */

/* Begin PBXNativeTarget section */
		23E255151FC36BB600D5C23B /* Wonder? */ = {
			isa = PBXNativeTarget;
			buildConfigurationList = 23E255281FC36BB600D5C23B /* Build configuration list for PBXNativeTarget "Wonder?" */;
			buildPhases = (
				23E255121FC36BB600D5C23B /* Sources */,
				23E255131FC36BB600D5C23B /* Frameworks */,
				23E255141FC36BB600D5C23B /* Resources */,
			);
			buildRules = (
			);
			dependencies = (
			);
			name = "Wonder?";
			productName = "Wonder?";
			productReference = 23E255161FC36BB600D5C23B /* Wonder?.app */;
			productType = "com.apple.product-type.application";
		};
/* End PBXNativeTarget section */

/* Begin PBXProject section */
		23E2550E1FC36BB600D5C23B /* Project object */ = {
			isa = PBXProject;
			attributes = {
				LastSwiftUpdateCheck = 0910;
				LastUpgradeCheck = 0910;
				ORGANIZATIONNAME = SPARQ;
				TargetAttributes = {
					23E255151FC36BB600D5C23B = {
						CreatedOnToolsVersion = 9.1;
						ProvisioningStyle = Automatic;
					};
				};
			};
			buildConfigurationList = 23E255111FC36BB600D5C23B /* Build configuration list for PBXProject "Wonder?" */;
			compatibilityVersion = "Xcode 8.0";
			developmentRegion = en;
			hasScannedForEncodings = 0;
			knownRegions = (
				en,
				Base,
			);
			mainGroup = 23E2550D1FC36BB600D5C23B;
			productRefGroup = 23E255171FC36BB600D5C23B /* Products */;
			projectDirPath = "";
			projectRoot = "";
			targets = (
				23E255151FC36BB600D5C23B /* Wonder? */,
			);
		};
/* End PBXProject section */

/* Begin PBXResourcesBuildPhase section */
		23E255141FC36BB600D5C23B /* Resources */ = {
			isa = PBXResourcesBuildPhase;
			buildActionMask = 2147483647;
			files = (
				23CF62ED1FD9BC85002B6062 /* TheatreMovies.json in Resources */,
				23E255241FC36BB600D5C23B /* LaunchScreen.storyboard in Resources */,
				239A14441FD5DCD200D414BB /* tvShowGenres.json in Resources */,
				23E255211FC36BB600D5C23B /* Assets.xcassets in Resources */,
				23E2551F1FC36BB600D5C23B /* Main.storyboard in Resources */,
				239A14401FD5CF1000D414BB /* Genre.json in Resources */,
			);
			runOnlyForDeploymentPostprocessing = 0;
		};
/* End PBXResourcesBuildPhase section */

/* Begin PBXSourcesBuildPhase section */
		23E255121FC36BB600D5C23B /* Sources */ = {
			isa = PBXSourcesBuildPhase;
			buildActionMask = 2147483647;
			files = (
				23E2551A1FC36BB600D5C23B /* AppDelegate.swift in Sources */,
				23E2555B1FC4A95E00D5C23B /* SwipeViewController.swift in Sources */,
				23639C991FC5FD8F00DFEFAF /* QuestionController.swift in Sources */,
				23639C971FC5FD2900DFEFAF /* Question.swift in Sources */,
				23E2554C1FC4812C00D5C23B /* CoreDataStack.swift in Sources */,
				23E2554F1FC4815100D5C23B /* Wonder?.xcdatamodeld in Sources */,
				23CF62EB1FD99EA2002B6062 /* TheaterMovie.swift in Sources */,
				23DB019E1FDA334B006E71DC /* MovieTheaterResultsTableViewController.swift in Sources */,
				23E255591FC48BD100D5C23B /* MovieController.swift in Sources */,
				23E255361FC37C4100D5C23B /* GenresController.swift in Sources */,
				23B2FDD71FE345B90089508C /* TheaterMovieTableViewCell.swift in Sources */,
				239A14421FD5DB7000D414BB /* WatchTabViewController.swift in Sources */,
				23E255341FC3771F00D5C23B /* Movie.swift in Sources */,
				23CF62EF1FD9BC94002B6062 /* TheatreController.swift in Sources */,
				23E255571FC48AF500D5C23B /* Genre.swift in Sources */,
			);
			runOnlyForDeploymentPostprocessing = 0;
		};
/* End PBXSourcesBuildPhase section */

/* Begin PBXVariantGroup section */
		23E2551D1FC36BB600D5C23B /* Main.storyboard */ = {
			isa = PBXVariantGroup;
			children = (
				23E2551E1FC36BB600D5C23B /* Base */,
			);
			name = Main.storyboard;
			sourceTree = "<group>";
		};
		23E255221FC36BB600D5C23B /* LaunchScreen.storyboard */ = {
			isa = PBXVariantGroup;
			children = (
				23E255231FC36BB600D5C23B /* Base */,
			);
			name = LaunchScreen.storyboard;
			sourceTree = "<group>";
		};
/* End PBXVariantGroup section */

/* Begin XCBuildConfiguration section */
		23E255261FC36BB600D5C23B /* Debug */ = {
			isa = XCBuildConfiguration;
			buildSettings = {
				ALWAYS_SEARCH_USER_PATHS = NO;
				CLANG_ANALYZER_NONNULL = YES;
				CLANG_ANALYZER_NUMBER_OBJECT_CONVERSION = YES_AGGRESSIVE;
				CLANG_CXX_LANGUAGE_STANDARD = "gnu++14";
				CLANG_CXX_LIBRARY = "libc++";
				CLANG_ENABLE_MODULES = YES;
				CLANG_ENABLE_OBJC_ARC = YES;
				CLANG_WARN_BLOCK_CAPTURE_AUTORELEASING = YES;
				CLANG_WARN_BOOL_CONVERSION = YES;
				CLANG_WARN_COMMA = YES;
				CLANG_WARN_CONSTANT_CONVERSION = YES;
				CLANG_WARN_DIRECT_OBJC_ISA_USAGE = YES_ERROR;
				CLANG_WARN_DOCUMENTATION_COMMENTS = YES;
				CLANG_WARN_EMPTY_BODY = YES;
				CLANG_WARN_ENUM_CONVERSION = YES;
				CLANG_WARN_INFINITE_RECURSION = YES;
				CLANG_WARN_INT_CONVERSION = YES;
				CLANG_WARN_NON_LITERAL_NULL_CONVERSION = YES;
				CLANG_WARN_OBJC_LITERAL_CONVERSION = YES;
				CLANG_WARN_OBJC_ROOT_CLASS = YES_ERROR;
				CLANG_WARN_RANGE_LOOP_ANALYSIS = YES;
				CLANG_WARN_STRICT_PROTOTYPES = YES;
				CLANG_WARN_SUSPICIOUS_MOVE = YES;
				CLANG_WARN_UNGUARDED_AVAILABILITY = YES_AGGRESSIVE;
				CLANG_WARN_UNREACHABLE_CODE = YES;
				CLANG_WARN__DUPLICATE_METHOD_MATCH = YES;
				CODE_SIGN_IDENTITY = "iPhone Developer";
				COPY_PHASE_STRIP = NO;
				DEBUG_INFORMATION_FORMAT = dwarf;
				ENABLE_STRICT_OBJC_MSGSEND = YES;
				ENABLE_TESTABILITY = YES;
				GCC_C_LANGUAGE_STANDARD = gnu11;
				GCC_DYNAMIC_NO_PIC = NO;
				GCC_NO_COMMON_BLOCKS = YES;
				GCC_OPTIMIZATION_LEVEL = 0;
				GCC_PREPROCESSOR_DEFINITIONS = (
					"DEBUG=1",
					"$(inherited)",
				);
				GCC_WARN_64_TO_32_BIT_CONVERSION = YES;
				GCC_WARN_ABOUT_RETURN_TYPE = YES_ERROR;
				GCC_WARN_UNDECLARED_SELECTOR = YES;
				GCC_WARN_UNINITIALIZED_AUTOS = YES_AGGRESSIVE;
				GCC_WARN_UNUSED_FUNCTION = YES;
				GCC_WARN_UNUSED_VARIABLE = YES;
				IPHONEOS_DEPLOYMENT_TARGET = 11.1;
				MTL_ENABLE_DEBUG_INFO = YES;
				ONLY_ACTIVE_ARCH = YES;
				SDKROOT = iphoneos;
				SWIFT_ACTIVE_COMPILATION_CONDITIONS = DEBUG;
				SWIFT_OPTIMIZATION_LEVEL = "-Onone";
			};
			name = Debug;
		};
		23E255271FC36BB600D5C23B /* Release */ = {
			isa = XCBuildConfiguration;
			buildSettings = {
				ALWAYS_SEARCH_USER_PATHS = NO;
				CLANG_ANALYZER_NONNULL = YES;
				CLANG_ANALYZER_NUMBER_OBJECT_CONVERSION = YES_AGGRESSIVE;
				CLANG_CXX_LANGUAGE_STANDARD = "gnu++14";
				CLANG_CXX_LIBRARY = "libc++";
				CLANG_ENABLE_MODULES = YES;
				CLANG_ENABLE_OBJC_ARC = YES;
				CLANG_WARN_BLOCK_CAPTURE_AUTORELEASING = YES;
				CLANG_WARN_BOOL_CONVERSION = YES;
				CLANG_WARN_COMMA = YES;
				CLANG_WARN_CONSTANT_CONVERSION = YES;
				CLANG_WARN_DIRECT_OBJC_ISA_USAGE = YES_ERROR;
				CLANG_WARN_DOCUMENTATION_COMMENTS = YES;
				CLANG_WARN_EMPTY_BODY = YES;
				CLANG_WARN_ENUM_CONVERSION = YES;
				CLANG_WARN_INFINITE_RECURSION = YES;
				CLANG_WARN_INT_CONVERSION = YES;
				CLANG_WARN_NON_LITERAL_NULL_CONVERSION = YES;
				CLANG_WARN_OBJC_LITERAL_CONVERSION = YES;
				CLANG_WARN_OBJC_ROOT_CLASS = YES_ERROR;
				CLANG_WARN_RANGE_LOOP_ANALYSIS = YES;
				CLANG_WARN_STRICT_PROTOTYPES = YES;
				CLANG_WARN_SUSPICIOUS_MOVE = YES;
				CLANG_WARN_UNGUARDED_AVAILABILITY = YES_AGGRESSIVE;
				CLANG_WARN_UNREACHABLE_CODE = YES;
				CLANG_WARN__DUPLICATE_METHOD_MATCH = YES;
				CODE_SIGN_IDENTITY = "iPhone Developer";
				COPY_PHASE_STRIP = NO;
				DEBUG_INFORMATION_FORMAT = "dwarf-with-dsym";
				ENABLE_NS_ASSERTIONS = NO;
				ENABLE_STRICT_OBJC_MSGSEND = YES;
				GCC_C_LANGUAGE_STANDARD = gnu11;
				GCC_NO_COMMON_BLOCKS = YES;
				GCC_WARN_64_TO_32_BIT_CONVERSION = YES;
				GCC_WARN_ABOUT_RETURN_TYPE = YES_ERROR;
				GCC_WARN_UNDECLARED_SELECTOR = YES;
				GCC_WARN_UNINITIALIZED_AUTOS = YES_AGGRESSIVE;
				GCC_WARN_UNUSED_FUNCTION = YES;
				GCC_WARN_UNUSED_VARIABLE = YES;
				IPHONEOS_DEPLOYMENT_TARGET = 11.1;
				MTL_ENABLE_DEBUG_INFO = NO;
				SDKROOT = iphoneos;
				SWIFT_OPTIMIZATION_LEVEL = "-Owholemodule";
				VALIDATE_PRODUCT = YES;
			};
			name = Release;
		};
		23E255291FC36BB600D5C23B /* Debug */ = {
			isa = XCBuildConfiguration;
			buildSettings = {
				ASSETCATALOG_COMPILER_APPICON_NAME = AppIcon;
				CODE_SIGN_STYLE = Automatic;
				DEVELOPMENT_TEAM = RE524LJXV2;
				INFOPLIST_FILE = "$(SRCROOT)/Wonder?/Resources/Info.plist";
				IPHONEOS_DEPLOYMENT_TARGET = 10.0;
				LD_RUNPATH_SEARCH_PATHS = "$(inherited) @executable_path/Frameworks";
				PRODUCT_BUNDLE_IDENTIFIER = "com.Austin.Wonder-";
				PRODUCT_NAME = "$(TARGET_NAME)";
				SWIFT_VERSION = 4.0;
				TARGETED_DEVICE_FAMILY = 1;
			};
			name = Debug;
		};
		23E2552A1FC36BB600D5C23B /* Release */ = {
			isa = XCBuildConfiguration;
			buildSettings = {
				ASSETCATALOG_COMPILER_APPICON_NAME = AppIcon;
				CODE_SIGN_STYLE = Automatic;
				DEVELOPMENT_TEAM = RE524LJXV2;
				INFOPLIST_FILE = "$(SRCROOT)/Wonder?/Resources/Info.plist";
				IPHONEOS_DEPLOYMENT_TARGET = 10.0;
				LD_RUNPATH_SEARCH_PATHS = "$(inherited) @executable_path/Frameworks";
				PRODUCT_BUNDLE_IDENTIFIER = "com.Austin.Wonder-";
				PRODUCT_NAME = "$(TARGET_NAME)";
				SWIFT_VERSION = 4.0;
				TARGETED_DEVICE_FAMILY = 1;
			};
			name = Release;
		};
/* End XCBuildConfiguration section */

/* Begin XCConfigurationList section */
		23E255111FC36BB600D5C23B /* Build configuration list for PBXProject "Wonder?" */ = {
			isa = XCConfigurationList;
			buildConfigurations = (
				23E255261FC36BB600D5C23B /* Debug */,
				23E255271FC36BB600D5C23B /* Release */,
			);
			defaultConfigurationIsVisible = 0;
			defaultConfigurationName = Release;
		};
		23E255281FC36BB600D5C23B /* Build configuration list for PBXNativeTarget "Wonder?" */ = {
			isa = XCConfigurationList;
			buildConfigurations = (
				23E255291FC36BB600D5C23B /* Debug */,
				23E2552A1FC36BB600D5C23B /* Release */,
			);
			defaultConfigurationIsVisible = 0;
			defaultConfigurationName = Release;
		};
/* End XCConfigurationList section */

/* Begin XCVersionGroup section */
		23E2554D1FC4815100D5C23B /* Wonder?.xcdatamodeld */ = {
			isa = XCVersionGroup;
			children = (
				23E2554E1FC4815100D5C23B /* Wonder?.xcdatamodel */,
			);
			currentVersion = 23E2554E1FC4815100D5C23B /* Wonder?.xcdatamodel */;
			path = "Wonder?.xcdatamodeld";
			sourceTree = "<group>";
			versionGroupType = wrapper.xcdatamodel;
		};
/* End XCVersionGroup section */
	};
	rootObject = 23E2550E1FC36BB600D5C23B /* Project object */;
}
